
Microsoft Visual Studio Solution File, Format Version 12.00
# Visual Studio 15
VisualStudioVersion = 15.0.28010.2003
MinimumVisualStudioVersion = 10.0.40219.1
Project("{FAE04EC0-301F-11D3-BF4B-00C04F79EFBC}") = "CrudWebForms", "CrudWebForms\CrudWebForms.csproj", "{6BF4F851-6473-4ADB-B3A8-2B0F99BC9AFF}"
EndProject
Global
	GlobalSection(SolutionConfigurationPlatforms) = preSolution
		Debug|Any CPU = Debug|Any CPU
		Release|Any CPU = Release|Any CPU
	EndGlobalSection
	GlobalSection(ProjectConfigurationPlatforms) = postSolution
		{6BF4F851-6473-4ADB-B3A8-2B0F99BC9AFF}.Debug|Any CPU.ActiveCfg = Debug|Any CPU
		{6BF4F851-6473-4ADB-B3A8-2B0F99BC9AFF}.Debug|Any CPU.Build.0 = Debug|Any CPU
		{6BF4F851-6473-4ADB-B3A8-2B0F99BC9AFF}.Release|Any CPU.ActiveCfg = Release|Any CPU
		{6BF4F851-6473-4ADB-B3A8-2B0F99BC9AFF}.Release|Any CPU.Build.0 = Release|Any CPU
	EndGlobalSection
	GlobalSection(SolutionProperties) = preSolution
		HideSolutionNode = FALSE
	EndGlobalSection
	GlobalSection(ExtensibilityGlobals) = postSolution
		SolutionGuid = {1752A9A5-DA49-48C7-8841-4E186473C050}
	EndGlobalSection
EndGlobal
